# This file is automatically @generated by Poetry and should not be changed by hand.

[[package]]
name = "shared"
version = "0.1.0"
description = ""
category = "main"
optional = false
python-versions = "^3.10"
files = []
develop = true

[package.source]
type = "directory"
url = "../shared"

[metadata]
lock-version = "2.0"
python-versions = "^3.10"
content-hash = "04878e00d3647ac3b842e7161d473f579b05825ec2fc7c7bea602553dde57ea7"
